
Microsoft Visual Studio Solution File, Format Version 12.00
# Visual Studio 15
VisualStudioVersion = 15.0.27130.2027
MinimumVisualStudioVersion = 10.0.40219.1
Project("{FAE04EC0-301F-11D3-BF4B-00C04F79EFBC}") = "CallengeSimpleDarts", "CallengeSimpleDarts\CallengeSimpleDarts.csproj", "{81553B62-E94E-4216-B860-A1C4B01E2AD9}"
EndProject
Project("{FAE04EC0-301F-11D3-BF4B-00C04F79EFBC}") = "Darts", "Darts\Darts.csproj", "{124D2742-491F-452B-A276-85D5AB7F278D}"
EndProject
Global
	GlobalSection(SolutionConfigurationPlatforms) = preSolution
		Debug|Any CPU = Debug|Any CPU
		Release|Any CPU = Release|Any CPU
	EndGlobalSection
	GlobalSection(ProjectConfigurationPlatforms) = postSolution
		{81553B62-E94E-4216-B860-A1C4B01E2AD9}.Debug|Any CPU.ActiveCfg = Debug|Any CPU
		{81553B62-E94E-4216-B860-A1C4B01E2AD9}.Debug|Any CPU.Build.0 = Debug|Any CPU
		{81553B62-E94E-4216-B860-A1C4B01E2AD9}.Release|Any CPU.ActiveCfg = Release|Any CPU
		{81553B62-E94E-4216-B860-A1C4B01E2AD9}.Release|Any CPU.Build.0 = Release|Any CPU
		{124D2742-491F-452B-A276-85D5AB7F278D}.Debug|Any CPU.ActiveCfg = Debug|Any CPU
		{124D2742-491F-452B-A276-85D5AB7F278D}.Debug|Any CPU.Build.0 = Debug|Any CPU
		{124D2742-491F-452B-A276-85D5AB7F278D}.Release|Any CPU.ActiveCfg = Release|Any CPU
		{124D2742-491F-452B-A276-85D5AB7F278D}.Release|Any CPU.Build.0 = Release|Any CPU
	EndGlobalSection
	GlobalSection(SolutionProperties) = preSolution
		HideSolutionNode = FALSE
	EndGlobalSection
	GlobalSection(ExtensibilityGlobals) = postSolution
		SolutionGuid = {FFE392A0-AFB6-40A7-A276-F49E50A6246F}
	EndGlobalSection
EndGlobal
